{
  "name": "makedirectory",
  "version": "1.0.0",
  "lockfileVersion": 2,
  "requires": true,
  "packages": {
    "": {
      "name": "makedirectory",
      "version": "1.0.0",
      "license": "MIT",
      "dependencies": {
        "commander": "^8.1.0"
      },
      "devDependencies": {
        "prettier": "^2.3.2"
      }
    },
    "node_modules/commander": {
      "version": "8.1.0",
      "resolved": "https://registry.npmjs.org/commander/-/commander-8.1.0.tgz",
      "integrity": "sha512-mf45ldcuHSYShkplHHGKWb4TrmwQadxOn7v4WuhDJy0ZVoY5JFajaRDKD0PNe5qXzBX0rhovjTnP6Kz9LETcuA==",
      "engines": {
        "node": ">= 12"
      }
    },
    "node_modules/prettier": {
      "version": "2.3.2",
      "resolved": "https://registry.npmjs.org/prettier/-/prettier-2.3.2.tgz",
      "integrity": "sha512-lnJzDfJ66zkMy58OL5/NY5zp70S7Nz6KqcKkXYzn2tMVrNxvbqaBpg7H3qHaLxCJ5lNMsGuM8+ohS7cZrthdLQ==",
      "dev": true,
      "bin": {
        "prettier": "bin-prettier.js"
      },
      "engines": {
        "node": ">=10.13.0"
      }
    }
  },
  "dependencies": {
    "commander": {
      "version": "8.1.0",
      "resolved": "https://registry.npmjs.org/commander/-/commander-8.1.0.tgz",
      "integrity": "sha512-mf45ldcuHSYShkplHHGKWb4TrmwQadxOn7v4WuhDJy0ZVoY5JFajaRDKD0PNe5qXzBX0rhovjTnP6Kz9LETcuA=="
    },
    "prettier": {
      "version": "2.3.2",
      "resolved": "https://registry.npmjs.org/prettier/-/prettier-2.3.2.tgz",
      "integrity": "sha512-lnJzDfJ66zkMy58OL5/NY5zp70S7Nz6KqcKkXYzn2tMVrNxvbqaBpg7H3qHaLxCJ5lNMsGuM8+ohS7cZrthdLQ==",
      "dev": true
    }
  }
}
